
Microsoft Visual Studio Solution File, Format Version 12.00
# Visual Studio Version 17
VisualStudioVersion = 17.0.32112.339
MinimumVisualStudioVersion = 10.0.40219.1
Project("{FAE04EC0-301F-11D3-BF4B-00C04F79EFBC}") = "FrequenciaNumeros.ConsoleApp", "FrequenciaNumeros.ConsoleApp\FrequenciaNumeros.ConsoleApp.csproj", "{2E2AB957-D300-4849-9EFB-C7CE35A2B286}"
EndProject
Global
	GlobalSection(SolutionConfigurationPlatforms) = preSolution
		Debug|Any CPU = Debug|Any CPU
		Release|Any CPU = Release|Any CPU
	EndGlobalSection
	GlobalSection(ProjectConfigurationPlatforms) = postSolution
		{2E2AB957-D300-4849-9EFB-C7CE35A2B286}.Debug|Any CPU.ActiveCfg = Debug|Any CPU
		{2E2AB957-D300-4849-9EFB-C7CE35A2B286}.Debug|Any CPU.Build.0 = Debug|Any CPU
		{2E2AB957-D300-4849-9EFB-C7CE35A2B286}.Release|Any CPU.ActiveCfg = Release|Any CPU
		{2E2AB957-D300-4849-9EFB-C7CE35A2B286}.Release|Any CPU.Build.0 = Release|Any CPU
	EndGlobalSection
	GlobalSection(SolutionProperties) = preSolution
		HideSolutionNode = FALSE
	EndGlobalSection
	GlobalSection(ExtensibilityGlobals) = postSolution
		SolutionGuid = {5F8468F5-9AEF-4217-926E-7C288ACBA53F}
	EndGlobalSection
EndGlobal
